
Microsoft Visual Studio Solution File, Format Version 12.00
# Visual Studio Version 17
VisualStudioVersion = 17.4.33213.308
MinimumVisualStudioVersion = 10.0.40219.1
Project("{FAE04EC0-301F-11D3-BF4B-00C04F79EFBC}") = "Baalhyttebooking", "Baalhyttebooking.csproj", "{D00EBED6-5B2D-47E7-9ED2-7764935C2820}"
EndProject
Global
	GlobalSection(SolutionConfigurationPlatforms) = preSolution
		Debug|Any CPU = Debug|Any CPU
		Release|Any CPU = Release|Any CPU
	EndGlobalSection
	GlobalSection(ProjectConfigurationPlatforms) = postSolution
		{D00EBED6-5B2D-47E7-9ED2-7764935C2820}.Debug|Any CPU.ActiveCfg = Debug|Any CPU
		{D00EBED6-5B2D-47E7-9ED2-7764935C2820}.Debug|Any CPU.Build.0 = Debug|Any CPU
		{D00EBED6-5B2D-47E7-9ED2-7764935C2820}.Release|Any CPU.ActiveCfg = Release|Any CPU
		{D00EBED6-5B2D-47E7-9ED2-7764935C2820}.Release|Any CPU.Build.0 = Release|Any CPU
	EndGlobalSection
	GlobalSection(SolutionProperties) = preSolution
		HideSolutionNode = FALSE
	EndGlobalSection
	GlobalSection(ExtensibilityGlobals) = postSolution
		SolutionGuid = {347712C6-D48A-40E3-AF00-5E9CEC93F9FD}
	EndGlobalSection
EndGlobal
